
Microsoft Visual Studio Solution File, Format Version 12.00
# Visual Studio Version 17
VisualStudioVersion = 17.7.34221.43
MinimumVisualStudioVersion = 10.0.40219.1
Project("{2150E333-8FDC-42A3-9474-1A3956D46DE8}") = "src", "src", "{05797E54-7FB8-4F58-AE53-FDA3B924F9D8}"
EndProject
Project("{2150E333-8FDC-42A3-9474-1A3956D46DE8}") = "Solution Items", "Solution Items", "{00CE9B7C-9B10-4C64-AF40-83A079743EED}"
	ProjectSection(SolutionItems) = preProject
		.gitignore = .gitignore
	EndProjectSection
EndProject
Project("{2150E333-8FDC-42A3-9474-1A3956D46DE8}") = "test", "test", "{16CA3A0F-564C-4506-AD54-146F53AFF113}"
EndProject
Project("{9A19103F-16F7-4668-BE54-9A1E7A4F7556}") = "AdventOfCodeUI", "src\AdventOfCodeUI\AdventOfCodeUI.csproj", "{8EF905C8-6F79-4020-B361-3AED08943778}"
EndProject
Project("{9A19103F-16F7-4668-BE54-9A1E7A4F7556}") = "AdventOfCode2022", "src\AdventOfCode2022\AdventOfCode2022.csproj", "{7F209959-3872-4933-BE3A-5EAE4DB04959}"
EndProject
Project("{9A19103F-16F7-4668-BE54-9A1E7A4F7556}") = "AdventOfCodeUI.Tests", "test\AdventOfCodeUI.Tests\AdventOfCodeUI.Tests.csproj", "{EF56E978-E8C4-44F6-8774-E734A5E86758}"
EndProject
Global
	GlobalSection(SolutionConfigurationPlatforms) = preSolution
		Debug|Any CPU = Debug|Any CPU
		Release|Any CPU = Release|Any CPU
	EndGlobalSection
	GlobalSection(ProjectConfigurationPlatforms) = postSolution
		{8EF905C8-6F79-4020-B361-3AED08943778}.Debug|Any CPU.ActiveCfg = Debug|Any CPU
		{8EF905C8-6F79-4020-B361-3AED08943778}.Debug|Any CPU.Build.0 = Debug|Any CPU
		{8EF905C8-6F79-4020-B361-3AED08943778}.Release|Any CPU.ActiveCfg = Release|Any CPU
		{8EF905C8-6F79-4020-B361-3AED08943778}.Release|Any CPU.Build.0 = Release|Any CPU
		{7F209959-3872-4933-BE3A-5EAE4DB04959}.Debug|Any CPU.ActiveCfg = Debug|Any CPU
		{7F209959-3872-4933-BE3A-5EAE4DB04959}.Debug|Any CPU.Build.0 = Debug|Any CPU
		{7F209959-3872-4933-BE3A-5EAE4DB04959}.Release|Any CPU.ActiveCfg = Release|Any CPU
		{7F209959-3872-4933-BE3A-5EAE4DB04959}.Release|Any CPU.Build.0 = Release|Any CPU
		{EF56E978-E8C4-44F6-8774-E734A5E86758}.Debug|Any CPU.ActiveCfg = Debug|Any CPU
		{EF56E978-E8C4-44F6-8774-E734A5E86758}.Debug|Any CPU.Build.0 = Debug|Any CPU
		{EF56E978-E8C4-44F6-8774-E734A5E86758}.Release|Any CPU.ActiveCfg = Release|Any CPU
		{EF56E978-E8C4-44F6-8774-E734A5E86758}.Release|Any CPU.Build.0 = Release|Any CPU
	EndGlobalSection
	GlobalSection(SolutionProperties) = preSolution
		HideSolutionNode = FALSE
	EndGlobalSection
	GlobalSection(NestedProjects) = preSolution
		{8EF905C8-6F79-4020-B361-3AED08943778} = {05797E54-7FB8-4F58-AE53-FDA3B924F9D8}
		{7F209959-3872-4933-BE3A-5EAE4DB04959} = {05797E54-7FB8-4F58-AE53-FDA3B924F9D8}
		{EF56E978-E8C4-44F6-8774-E734A5E86758} = {16CA3A0F-564C-4506-AD54-146F53AFF113}
	EndGlobalSection
	GlobalSection(ExtensibilityGlobals) = postSolution
		SolutionGuid = {56367C2F-AB97-4C62-B36F-99BEE682D5A5}
	EndGlobalSection
EndGlobal
