
Microsoft Visual Studio Solution File, Format Version 12.00
# Visual Studio Version 17
VisualStudioVersion = 17.7.34221.43
MinimumVisualStudioVersion = 10.0.40219.1
Project("{FAE04EC0-301F-11D3-BF4B-00C04F79EFBC}") = "AdventOfCode2022", "AdventOfCode2022\AdventOfCode2022.csproj", "{323685C8-B27E-4C47-AC9F-B18927D0E9BA}"
EndProject
Project("{2150E333-8FDC-42A3-9474-1A3956D46DE8}") = "src", "src", "{05797E54-7FB8-4F58-AE53-FDA3B924F9D8}"
EndProject
Project("{FAE04EC0-301F-11D3-BF4B-00C04F79EFBC}") = "AdventOfCodeUI", "AdventOfCodeUI\AdventOfCodeUI.csproj", "{CF2B39BA-5519-4040-9140-612039E0CB5B}"
EndProject
Project("{2150E333-8FDC-42A3-9474-1A3956D46DE8}") = "Solution Items", "Solution Items", "{00CE9B7C-9B10-4C64-AF40-83A079743EED}"
	ProjectSection(SolutionItems) = preProject
		.gitignore = .gitignore
	EndProjectSection
EndProject
Project("{2150E333-8FDC-42A3-9474-1A3956D46DE8}") = "test", "test", "{16CA3A0F-564C-4506-AD54-146F53AFF113}"
EndProject
Project("{FAE04EC0-301F-11D3-BF4B-00C04F79EFBC}") = "AdventOfCodeUI.Tests", "AdventOfCodeUI.Tests\AdventOfCodeUI.Tests.csproj", "{DDE3CADA-F02C-437A-A42F-BE79E59FE1C6}"
EndProject
Global
	GlobalSection(SolutionConfigurationPlatforms) = preSolution
		Debug|Any CPU = Debug|Any CPU
		Release|Any CPU = Release|Any CPU
	EndGlobalSection
	GlobalSection(ProjectConfigurationPlatforms) = postSolution
		{323685C8-B27E-4C47-AC9F-B18927D0E9BA}.Debug|Any CPU.ActiveCfg = Debug|Any CPU
		{323685C8-B27E-4C47-AC9F-B18927D0E9BA}.Debug|Any CPU.Build.0 = Debug|Any CPU
		{323685C8-B27E-4C47-AC9F-B18927D0E9BA}.Release|Any CPU.ActiveCfg = Release|Any CPU
		{323685C8-B27E-4C47-AC9F-B18927D0E9BA}.Release|Any CPU.Build.0 = Release|Any CPU
		{CF2B39BA-5519-4040-9140-612039E0CB5B}.Debug|Any CPU.ActiveCfg = Debug|Any CPU
		{CF2B39BA-5519-4040-9140-612039E0CB5B}.Debug|Any CPU.Build.0 = Debug|Any CPU
		{CF2B39BA-5519-4040-9140-612039E0CB5B}.Release|Any CPU.ActiveCfg = Release|Any CPU
		{CF2B39BA-5519-4040-9140-612039E0CB5B}.Release|Any CPU.Build.0 = Release|Any CPU
		{DDE3CADA-F02C-437A-A42F-BE79E59FE1C6}.Debug|Any CPU.ActiveCfg = Debug|Any CPU
		{DDE3CADA-F02C-437A-A42F-BE79E59FE1C6}.Debug|Any CPU.Build.0 = Debug|Any CPU
		{DDE3CADA-F02C-437A-A42F-BE79E59FE1C6}.Release|Any CPU.ActiveCfg = Release|Any CPU
		{DDE3CADA-F02C-437A-A42F-BE79E59FE1C6}.Release|Any CPU.Build.0 = Release|Any CPU
	EndGlobalSection
	GlobalSection(SolutionProperties) = preSolution
		HideSolutionNode = FALSE
	EndGlobalSection
	GlobalSection(NestedProjects) = preSolution
		{323685C8-B27E-4C47-AC9F-B18927D0E9BA} = {05797E54-7FB8-4F58-AE53-FDA3B924F9D8}
		{CF2B39BA-5519-4040-9140-612039E0CB5B} = {05797E54-7FB8-4F58-AE53-FDA3B924F9D8}
		{DDE3CADA-F02C-437A-A42F-BE79E59FE1C6} = {16CA3A0F-564C-4506-AD54-146F53AFF113}
	EndGlobalSection
	GlobalSection(ExtensibilityGlobals) = postSolution
		SolutionGuid = {56367C2F-AB97-4C62-B36F-99BEE682D5A5}
	EndGlobalSection
EndGlobal
